
Microsoft Visual Studio Solution File, Format Version 12.00
# Visual Studio Version 17
VisualStudioVersion = 17.0.31903.59
MinimumVisualStudioVersion = 10.0.40219.1
Project("{2150E333-8FDC-42A3-9474-1A3956D46DE8}") = "src", "src", "{827E0CD3-B72D-47B6-A68D-7590B98EB39B}"
EndProject
Project("{FAE04EC0-301F-11D3-BF4B-00C04F79EFBC}") = "PostRouter.Domain", "src\PostRouter.Domain\PostRouter.Domain.csproj", "{ADB88F60-B8BB-48D6-A5A4-31D31412E698}"
EndProject
Project("{FAE04EC0-301F-11D3-BF4B-00C04F79EFBC}") = "PostRouter.Application", "src\PostRouter.Application\PostRouter.Application.csproj", "{0A04C596-4A6E-47AD-880C-CECE6F145A5A}"
EndProject
Project("{FAE04EC0-301F-11D3-BF4B-00C04F79EFBC}") = "PostRouter.Infrastructure", "src\PostRouter.Infrastructure\PostRouter.Infrastructure.csproj", "{6414A490-99E5-4FFC-AE94-78C0C97B5412}"
EndProject
Project("{FAE04EC0-301F-11D3-BF4B-00C04F79EFBC}") = "PostRouter.Cli", "src\PostRouter.Cli\PostRouter.Cli.csproj", "{B2540EAF-4C88-481F-B428-6663D4088E20}"
EndProject
Project("{2150E333-8FDC-42A3-9474-1A3956D46DE8}") = "tests", "tests", "{0AB3BF05-4346-4AA6-1389-037BE0695223}"
EndProject
Project("{FAE04EC0-301F-11D3-BF4B-00C04F79EFBC}") = "PostRouter.Tests", "tests\PostRouter.Tests\PostRouter.Tests.csproj", "{2A8ECD84-2E5E-4974-B9CC-0507DB379864}"
EndProject
Global
	GlobalSection(SolutionConfigurationPlatforms) = preSolution
		Debug|Any CPU = Debug|Any CPU
		Debug|x64 = Debug|x64
		Debug|x86 = Debug|x86
		Release|Any CPU = Release|Any CPU
		Release|x64 = Release|x64
		Release|x86 = Release|x86
	EndGlobalSection
	GlobalSection(ProjectConfigurationPlatforms) = postSolution
		{ADB88F60-B8BB-48D6-A5A4-31D31412E698}.Debug|Any CPU.ActiveCfg = Debug|Any CPU
		{ADB88F60-B8BB-48D6-A5A4-31D31412E698}.Debug|Any CPU.Build.0 = Debug|Any CPU
		{ADB88F60-B8BB-48D6-A5A4-31D31412E698}.Debug|x64.ActiveCfg = Debug|Any CPU
		{ADB88F60-B8BB-48D6-A5A4-31D31412E698}.Debug|x64.Build.0 = Debug|Any CPU
		{ADB88F60-B8BB-48D6-A5A4-31D31412E698}.Debug|x86.ActiveCfg = Debug|Any CPU
		{ADB88F60-B8BB-48D6-A5A4-31D31412E698}.Debug|x86.Build.0 = Debug|Any CPU
		{ADB88F60-B8BB-48D6-A5A4-31D31412E698}.Release|Any CPU.ActiveCfg = Release|Any CPU
		{ADB88F60-B8BB-48D6-A5A4-31D31412E698}.Release|Any CPU.Build.0 = Release|Any CPU
		{ADB88F60-B8BB-48D6-A5A4-31D31412E698}.Release|x64.ActiveCfg = Release|Any CPU
		{ADB88F60-B8BB-48D6-A5A4-31D31412E698}.Release|x64.Build.0 = Release|Any CPU
		{ADB88F60-B8BB-48D6-A5A4-31D31412E698}.Release|x86.ActiveCfg = Release|Any CPU
		{ADB88F60-B8BB-48D6-A5A4-31D31412E698}.Release|x86.Build.0 = Release|Any CPU
		{0A04C596-4A6E-47AD-880C-CECE6F145A5A}.Debug|Any CPU.ActiveCfg = Debug|Any CPU
		{0A04C596-4A6E-47AD-880C-CECE6F145A5A}.Debug|Any CPU.Build.0 = Debug|Any CPU
		{0A04C596-4A6E-47AD-880C-CECE6F145A5A}.Debug|x64.ActiveCfg = Debug|Any CPU
		{0A04C596-4A6E-47AD-880C-CECE6F145A5A}.Debug|x64.Build.0 = Debug|Any CPU
		{0A04C596-4A6E-47AD-880C-CECE6F145A5A}.Debug|x86.ActiveCfg = Debug|Any CPU
		{0A04C596-4A6E-47AD-880C-CECE6F145A5A}.Debug|x86.Build.0 = Debug|Any CPU
		{0A04C596-4A6E-47AD-880C-CECE6F145A5A}.Release|Any CPU.ActiveCfg = Release|Any CPU
		{0A04C596-4A6E-47AD-880C-CECE6F145A5A}.Release|Any CPU.Build.0 = Release|Any CPU
		{0A04C596-4A6E-47AD-880C-CECE6F145A5A}.Release|x64.ActiveCfg = Release|Any CPU
		{0A04C596-4A6E-47AD-880C-CECE6F145A5A}.Release|x64.Build.0 = Release|Any CPU
		{0A04C596-4A6E-47AD-880C-CECE6F145A5A}.Release|x86.ActiveCfg = Release|Any CPU
		{0A04C596-4A6E-47AD-880C-CECE6F145A5A}.Release|x86.Build.0 = Release|Any CPU
		{6414A490-99E5-4FFC-AE94-78C0C97B5412}.Debug|Any CPU.ActiveCfg = Debug|Any CPU
		{6414A490-99E5-4FFC-AE94-78C0C97B5412}.Debug|Any CPU.Build.0 = Debug|Any CPU
		{6414A490-99E5-4FFC-AE94-78C0C97B5412}.Debug|x64.ActiveCfg = Debug|Any CPU
		{6414A490-99E5-4FFC-AE94-78C0C97B5412}.Debug|x64.Build.0 = Debug|Any CPU
		{6414A490-99E5-4FFC-AE94-78C0C97B5412}.Debug|x86.ActiveCfg = Debug|Any CPU
		{6414A490-99E5-4FFC-AE94-78C0C97B5412}.Debug|x86.Build.0 = Debug|Any CPU
		{6414A490-99E5-4FFC-AE94-78C0C97B5412}.Release|Any CPU.ActiveCfg = Release|Any CPU
		{6414A490-99E5-4FFC-AE94-78C0C97B5412}.Release|Any CPU.Build.0 = Release|Any CPU
		{6414A490-99E5-4FFC-AE94-78C0C97B5412}.Release|x64.ActiveCfg = Release|Any CPU
		{6414A490-99E5-4FFC-AE94-78C0C97B5412}.Release|x64.Build.0 = Release|Any CPU
		{6414A490-99E5-4FFC-AE94-78C0C97B5412}.Release|x86.ActiveCfg = Release|Any CPU
		{6414A490-99E5-4FFC-AE94-78C0C97B5412}.Release|x86.Build.0 = Release|Any CPU
		{B2540EAF-4C88-481F-B428-6663D4088E20}.Debug|Any CPU.ActiveCfg = Debug|Any CPU
		{B2540EAF-4C88-481F-B428-6663D4088E20}.Debug|Any CPU.Build.0 = Debug|Any CPU
		{B2540EAF-4C88-481F-B428-6663D4088E20}.Debug|x64.ActiveCfg = Debug|Any CPU
		{B2540EAF-4C88-481F-B428-6663D4088E20}.Debug|x64.Build.0 = Debug|Any CPU
		{B2540EAF-4C88-481F-B428-6663D4088E20}.Debug|x86.ActiveCfg = Debug|Any CPU
		{B2540EAF-4C88-481F-B428-6663D4088E20}.Debug|x86.Build.0 = Debug|Any CPU
		{B2540EAF-4C88-481F-B428-6663D4088E20}.Release|Any CPU.ActiveCfg = Release|Any CPU
		{B2540EAF-4C88-481F-B428-6663D4088E20}.Release|Any CPU.Build.0 = Release|Any CPU
		{B2540EAF-4C88-481F-B428-6663D4088E20}.Release|x64.ActiveCfg = Release|Any CPU
		{B2540EAF-4C88-481F-B428-6663D4088E20}.Release|x64.Build.0 = Release|Any CPU
		{B2540EAF-4C88-481F-B428-6663D4088E20}.Release|x86.ActiveCfg = Release|Any CPU
		{B2540EAF-4C88-481F-B428-6663D4088E20}.Release|x86.Build.0 = Release|Any CPU
		{2A8ECD84-2E5E-4974-B9CC-0507DB379864}.Debug|Any CPU.ActiveCfg = Debug|Any CPU
		{2A8ECD84-2E5E-4974-B9CC-0507DB379864}.Debug|Any CPU.Build.0 = Debug|Any CPU
		{2A8ECD84-2E5E-4974-B9CC-0507DB379864}.Debug|x64.ActiveCfg = Debug|Any CPU
		{2A8ECD84-2E5E-4974-B9CC-0507DB379864}.Debug|x64.Build.0 = Debug|Any CPU
		{2A8ECD84-2E5E-4974-B9CC-0507DB379864}.Debug|x86.ActiveCfg = Debug|Any CPU
		{2A8ECD84-2E5E-4974-B9CC-0507DB379864}.Debug|x86.Build.0 = Debug|Any CPU
		{2A8ECD84-2E5E-4974-B9CC-0507DB379864}.Release|Any CPU.ActiveCfg = Release|Any CPU
		{2A8ECD84-2E5E-4974-B9CC-0507DB379864}.Release|Any CPU.Build.0 = Release|Any CPU
		{2A8ECD84-2E5E-4974-B9CC-0507DB379864}.Release|x64.ActiveCfg = Release|Any CPU
		{2A8ECD84-2E5E-4974-B9CC-0507DB379864}.Release|x64.Build.0 = Release|Any CPU
		{2A8ECD84-2E5E-4974-B9CC-0507DB379864}.Release|x86.ActiveCfg = Release|Any CPU
		{2A8ECD84-2E5E-4974-B9CC-0507DB379864}.Release|x86.Build.0 = Release|Any CPU
	EndGlobalSection
	GlobalSection(SolutionProperties) = preSolution
		HideSolutionNode = FALSE
	EndGlobalSection
	GlobalSection(NestedProjects) = preSolution
		{ADB88F60-B8BB-48D6-A5A4-31D31412E698} = {827E0CD3-B72D-47B6-A68D-7590B98EB39B}
		{0A04C596-4A6E-47AD-880C-CECE6F145A5A} = {827E0CD3-B72D-47B6-A68D-7590B98EB39B}
		{6414A490-99E5-4FFC-AE94-78C0C97B5412} = {827E0CD3-B72D-47B6-A68D-7590B98EB39B}
		{B2540EAF-4C88-481F-B428-6663D4088E20} = {827E0CD3-B72D-47B6-A68D-7590B98EB39B}
		{2A8ECD84-2E5E-4974-B9CC-0507DB379864} = {0AB3BF05-4346-4AA6-1389-037BE0695223}
	EndGlobalSection
EndGlobal
