{
  "version": 1,
  "dependencies": {
    "net10.0": {
      "postrouter.application": {
        "type": "Project",
        "dependencies": {
          "PostRouter.Domain": "[1.0.0, )"
        }
      },
      "postrouter.infrastructure": {
        "type": "Project",
        "dependencies": {
          "Microsoft.Data.Sqlite": "[10.0.12, )",
          "PostRouter.Application": "[1.0.0, )",
          "PostRouter.Domain": "[1.0.0, )",
          "SQLitePCLRaw.bundle_e_sqlite3": "[2.1.12, )"
        }
      }
    }
  }
}
